
Microsoft Visual Studio Solution File, Format Version 12.00
# Visual Studio Version 17
VisualStudioVersion = 17.12.35527.113
MinimumVisualStudioVersion = 10.0.40219.1
Project("{FAE04EC0-301F-11D3-BF4B-00C04F79EFBC}") = "SUMA", "TEST_EFICIENCIA\SUMA.csproj", "{144EF6F1-77D8-4FC0-9E58-7BDA7C0E4ABF}"
EndProject
Project("{FAE04EC0-301F-11D3-BF4B-00C04F79EFBC}") = "MATRIUS", "MATRIUS\MATRIUS.csproj", "{79377A08-8511-4869-BF49-F44C37568B76}"
EndProject
Project("{FAE04EC0-301F-11D3-BF4B-00C04F79EFBC}") = "ORDENAR_BUBBLE_SORT", "ORDENAR_BUBBLE_SORT\ORDENAR_BUBBLE_SORT.csproj", "{A76063A0-23D1-4917-BA94-780E9A42CB21}"
EndProject
Global
	GlobalSection(SolutionConfigurationPlatforms) = preSolution
		Debug|Any CPU = Debug|Any CPU
		Release|Any CPU = Release|Any CPU
	EndGlobalSection
	GlobalSection(ProjectConfigurationPlatforms) = postSolution
		{144EF6F1-77D8-4FC0-9E58-7BDA7C0E4ABF}.Debug|Any CPU.ActiveCfg = Debug|Any CPU
		{144EF6F1-77D8-4FC0-9E58-7BDA7C0E4ABF}.Debug|Any CPU.Build.0 = Debug|Any CPU
		{144EF6F1-77D8-4FC0-9E58-7BDA7C0E4ABF}.Release|Any CPU.ActiveCfg = Release|Any CPU
		{144EF6F1-77D8-4FC0-9E58-7BDA7C0E4ABF}.Release|Any CPU.Build.0 = Release|Any CPU
		{79377A08-8511-4869-BF49-F44C37568B76}.Debug|Any CPU.ActiveCfg = Debug|Any CPU
		{79377A08-8511-4869-BF49-F44C37568B76}.Debug|Any CPU.Build.0 = Debug|Any CPU
		{79377A08-8511-4869-BF49-F44C37568B76}.Release|Any CPU.ActiveCfg = Release|Any CPU
		{79377A08-8511-4869-BF49-F44C37568B76}.Release|Any CPU.Build.0 = Release|Any CPU
		{A76063A0-23D1-4917-BA94-780E9A42CB21}.Debug|Any CPU.ActiveCfg = Debug|Any CPU
		{A76063A0-23D1-4917-BA94-780E9A42CB21}.Debug|Any CPU.Build.0 = Debug|Any CPU
		{A76063A0-23D1-4917-BA94-780E9A42CB21}.Release|Any CPU.ActiveCfg = Release|Any CPU
		{A76063A0-23D1-4917-BA94-780E9A42CB21}.Release|Any CPU.Build.0 = Release|Any CPU
	EndGlobalSection
	GlobalSection(SolutionProperties) = preSolution
		HideSolutionNode = FALSE
	EndGlobalSection
EndGlobal
