
Microsoft Visual Studio Solution File, Format Version 12.00
# Visual Studio Version 17
VisualStudioVersion = 17.11.35303.130
MinimumVisualStudioVersion = 10.0.40219.1
Project("{FAE04EC0-301F-11D3-BF4B-00C04F79EFBC}") = "Ex1", "Ex1\Ex1.csproj", "{C7DB6A0F-FB32-4CF9-80B0-69DBD465AA3C}"
EndProject
Global
	GlobalSection(SolutionConfigurationPlatforms) = preSolution
		Debug|Any CPU = Debug|Any CPU
		Release|Any CPU = Release|Any CPU
	EndGlobalSection
	GlobalSection(ProjectConfigurationPlatforms) = postSolution
		{C7DB6A0F-FB32-4CF9-80B0-69DBD465AA3C}.Debug|Any CPU.ActiveCfg = Debug|Any CPU
		{C7DB6A0F-FB32-4CF9-80B0-69DBD465AA3C}.Debug|Any CPU.Build.0 = Debug|Any CPU
		{C7DB6A0F-FB32-4CF9-80B0-69DBD465AA3C}.Release|Any CPU.ActiveCfg = Release|Any CPU
		{C7DB6A0F-FB32-4CF9-80B0-69DBD465AA3C}.Release|Any CPU.Build.0 = Release|Any CPU
	EndGlobalSection
	GlobalSection(SolutionProperties) = preSolution
		HideSolutionNode = FALSE
	EndGlobalSection
	GlobalSection(ExtensibilityGlobals) = postSolution
		SolutionGuid = {09FA4AC4-9EF2-4746-A9DB-FA9AD745785B}
	EndGlobalSection
EndGlobal
