
Microsoft Visual Studio Solution File, Format Version 12.00
# Visual Studio Version 17
VisualStudioVersion = 17.11.35303.130
MinimumVisualStudioVersion = 10.0.40219.1
Project("{FAE04EC0-301F-11D3-BF4B-00C04F79EFBC}") = "Ex1", "Ex1\Ex1.csproj", "{CC43A054-B022-444A-838E-1E1BE211FB30}"
EndProject
Project("{FAE04EC0-301F-11D3-BF4B-00C04F79EFBC}") = "Ex2a", "Ex2a\Ex2a.csproj", "{F606CF6B-0067-488B-BBA7-CA5F56C0B8F5}"
EndProject
Project("{FAE04EC0-301F-11D3-BF4B-00C04F79EFBC}") = "Ex2b", "Ex2b\Ex2b.csproj", "{BED11E8C-54E3-41B1-BE27-928BD2AFAC76}"
EndProject
Project("{FAE04EC0-301F-11D3-BF4B-00C04F79EFBC}") = "Ex3a", "Ex3a\Ex3a.csproj", "{373FF19E-26C2-41C6-A296-5FB657DAA912}"
EndProject
Project("{FAE04EC0-301F-11D3-BF4B-00C04F79EFBC}") = "Ex3b", "Ex3b\Ex3b.csproj", "{DE7BB3BB-C95E-4C76-9494-9A4BCEA01788}"
EndProject
Project("{FAE04EC0-301F-11D3-BF4B-00C04F79EFBC}") = "Ex4", "Ex4\Ex4.csproj", "{E0FE186E-107D-44AD-BE47-F89D45D06EF8}"
EndProject
Project("{FAE04EC0-301F-11D3-BF4B-00C04F79EFBC}") = "Ex5a", "Ex5a\Ex5a.csproj", "{2CE67B46-220F-4522-9BF1-EF51668B8C05}"
EndProject
Global
	GlobalSection(SolutionConfigurationPlatforms) = preSolution
		Debug|Any CPU = Debug|Any CPU
		Release|Any CPU = Release|Any CPU
	EndGlobalSection
	GlobalSection(ProjectConfigurationPlatforms) = postSolution
		{CC43A054-B022-444A-838E-1E1BE211FB30}.Debug|Any CPU.ActiveCfg = Debug|Any CPU
		{CC43A054-B022-444A-838E-1E1BE211FB30}.Debug|Any CPU.Build.0 = Debug|Any CPU
		{CC43A054-B022-444A-838E-1E1BE211FB30}.Release|Any CPU.ActiveCfg = Release|Any CPU
		{CC43A054-B022-444A-838E-1E1BE211FB30}.Release|Any CPU.Build.0 = Release|Any CPU
		{F606CF6B-0067-488B-BBA7-CA5F56C0B8F5}.Debug|Any CPU.ActiveCfg = Debug|Any CPU
		{F606CF6B-0067-488B-BBA7-CA5F56C0B8F5}.Debug|Any CPU.Build.0 = Debug|Any CPU
		{F606CF6B-0067-488B-BBA7-CA5F56C0B8F5}.Release|Any CPU.ActiveCfg = Release|Any CPU
		{F606CF6B-0067-488B-BBA7-CA5F56C0B8F5}.Release|Any CPU.Build.0 = Release|Any CPU
		{BED11E8C-54E3-41B1-BE27-928BD2AFAC76}.Debug|Any CPU.ActiveCfg = Debug|Any CPU
		{BED11E8C-54E3-41B1-BE27-928BD2AFAC76}.Debug|Any CPU.Build.0 = Debug|Any CPU
		{BED11E8C-54E3-41B1-BE27-928BD2AFAC76}.Release|Any CPU.ActiveCfg = Release|Any CPU
		{BED11E8C-54E3-41B1-BE27-928BD2AFAC76}.Release|Any CPU.Build.0 = Release|Any CPU
		{373FF19E-26C2-41C6-A296-5FB657DAA912}.Debug|Any CPU.ActiveCfg = Debug|Any CPU
		{373FF19E-26C2-41C6-A296-5FB657DAA912}.Debug|Any CPU.Build.0 = Debug|Any CPU
		{373FF19E-26C2-41C6-A296-5FB657DAA912}.Release|Any CPU.ActiveCfg = Release|Any CPU
		{373FF19E-26C2-41C6-A296-5FB657DAA912}.Release|Any CPU.Build.0 = Release|Any CPU
		{DE7BB3BB-C95E-4C76-9494-9A4BCEA01788}.Debug|Any CPU.ActiveCfg = Debug|Any CPU
		{DE7BB3BB-C95E-4C76-9494-9A4BCEA01788}.Debug|Any CPU.Build.0 = Debug|Any CPU
		{DE7BB3BB-C95E-4C76-9494-9A4BCEA01788}.Release|Any CPU.ActiveCfg = Release|Any CPU
		{DE7BB3BB-C95E-4C76-9494-9A4BCEA01788}.Release|Any CPU.Build.0 = Release|Any CPU
		{E0FE186E-107D-44AD-BE47-F89D45D06EF8}.Debug|Any CPU.ActiveCfg = Debug|Any CPU
		{E0FE186E-107D-44AD-BE47-F89D45D06EF8}.Debug|Any CPU.Build.0 = Debug|Any CPU
		{E0FE186E-107D-44AD-BE47-F89D45D06EF8}.Release|Any CPU.ActiveCfg = Release|Any CPU
		{E0FE186E-107D-44AD-BE47-F89D45D06EF8}.Release|Any CPU.Build.0 = Release|Any CPU
		{2CE67B46-220F-4522-9BF1-EF51668B8C05}.Debug|Any CPU.ActiveCfg = Debug|Any CPU
		{2CE67B46-220F-4522-9BF1-EF51668B8C05}.Debug|Any CPU.Build.0 = Debug|Any CPU
		{2CE67B46-220F-4522-9BF1-EF51668B8C05}.Release|Any CPU.ActiveCfg = Release|Any CPU
		{2CE67B46-220F-4522-9BF1-EF51668B8C05}.Release|Any CPU.Build.0 = Release|Any CPU
	EndGlobalSection
	GlobalSection(SolutionProperties) = preSolution
		HideSolutionNode = FALSE
	EndGlobalSection
	GlobalSection(ExtensibilityGlobals) = postSolution
		SolutionGuid = {BBC08745-D17D-4EF9-9079-7425E1169582}
	EndGlobalSection
EndGlobal
