
Microsoft Visual Studio Solution File, Format Version 12.00
# Visual Studio Version 17
VisualStudioVersion = 17.12.35527.113 d17.12
MinimumVisualStudioVersion = 10.0.40219.1
Project("{FAE04EC0-301F-11D3-BF4B-00C04F79EFBC}") = "SUPERMARKET_CLASSE", "SUPERMARKET_CLASSE\SUPERMARKET_CLASSE.csproj", "{FC4B916B-6729-43F5-9DAF-2DC7F433B159}"
EndProject
Global
	GlobalSection(SolutionConfigurationPlatforms) = preSolution
		Debug|Any CPU = Debug|Any CPU
		Release|Any CPU = Release|Any CPU
	EndGlobalSection
	GlobalSection(ProjectConfigurationPlatforms) = postSolution
		{FC4B916B-6729-43F5-9DAF-2DC7F433B159}.Debug|Any CPU.ActiveCfg = Debug|Any CPU
		{FC4B916B-6729-43F5-9DAF-2DC7F433B159}.Debug|Any CPU.Build.0 = Debug|Any CPU
		{FC4B916B-6729-43F5-9DAF-2DC7F433B159}.Release|Any CPU.ActiveCfg = Release|Any CPU
		{FC4B916B-6729-43F5-9DAF-2DC7F433B159}.Release|Any CPU.Build.0 = Release|Any CPU
	EndGlobalSection
	GlobalSection(SolutionProperties) = preSolution
		HideSolutionNode = FALSE
	EndGlobalSection
EndGlobal
