
Microsoft Visual Studio Solution File, Format Version 12.00
# Visual Studio Version 17
VisualStudioVersion = 17.12.35527.113 d17.12
MinimumVisualStudioVersion = 10.0.40219.1
Project("{FAE04EC0-301F-11D3-BF4B-00C04F79EFBC}") = "COLECCIONS", "COLECCIONS\COLECCIONS.csproj", "{63937899-C6C5-4FF4-9E9A-3EE219C1085F}"
EndProject
Project("{FAE04EC0-301F-11D3-BF4B-00C04F79EFBC}") = "ESCOLES", "ESCOLES\ESCOLES.csproj", "{0DD81FE5-8A03-4757-9004-9B55AA25F69B}"
EndProject
Global
	GlobalSection(SolutionConfigurationPlatforms) = preSolution
		Debug|Any CPU = Debug|Any CPU
		Release|Any CPU = Release|Any CPU
	EndGlobalSection
	GlobalSection(ProjectConfigurationPlatforms) = postSolution
		{63937899-C6C5-4FF4-9E9A-3EE219C1085F}.Debug|Any CPU.ActiveCfg = Debug|Any CPU
		{63937899-C6C5-4FF4-9E9A-3EE219C1085F}.Debug|Any CPU.Build.0 = Debug|Any CPU
		{63937899-C6C5-4FF4-9E9A-3EE219C1085F}.Release|Any CPU.ActiveCfg = Release|Any CPU
		{63937899-C6C5-4FF4-9E9A-3EE219C1085F}.Release|Any CPU.Build.0 = Release|Any CPU
		{0DD81FE5-8A03-4757-9004-9B55AA25F69B}.Debug|Any CPU.ActiveCfg = Debug|Any CPU
		{0DD81FE5-8A03-4757-9004-9B55AA25F69B}.Debug|Any CPU.Build.0 = Debug|Any CPU
		{0DD81FE5-8A03-4757-9004-9B55AA25F69B}.Release|Any CPU.ActiveCfg = Release|Any CPU
		{0DD81FE5-8A03-4757-9004-9B55AA25F69B}.Release|Any CPU.Build.0 = Release|Any CPU
	EndGlobalSection
	GlobalSection(SolutionProperties) = preSolution
		HideSolutionNode = FALSE
	EndGlobalSection
EndGlobal
